
Microsoft Visual Studio Solution File, Format Version 12.00
# Visual Studio Version 17
VisualStudioVersion = 17.6.33723.286
MinimumVisualStudioVersion = 10.0.40219.1
Project("{FAE04EC0-301F-11D3-BF4B-00C04F79EFBC}") = "ConsoleTest", "ConsoleTest.csproj", "{77497E92-4030-4720-8459-6FBAF75B4944}"
EndProject
Global
	GlobalSection(SolutionConfigurationPlatforms) = preSolution
		Debug|Any CPU = Debug|Any CPU
		Release|Any CPU = Release|Any CPU
	EndGlobalSection
	GlobalSection(ProjectConfigurationPlatforms) = postSolution
		{77497E92-4030-4720-8459-6FBAF75B4944}.Debug|Any CPU.ActiveCfg = Debug|Any CPU
		{77497E92-4030-4720-8459-6FBAF75B4944}.Debug|Any CPU.Build.0 = Debug|Any CPU
		{77497E92-4030-4720-8459-6FBAF75B4944}.Release|Any CPU.ActiveCfg = Release|Any CPU
		{77497E92-4030-4720-8459-6FBAF75B4944}.Release|Any CPU.Build.0 = Release|Any CPU
	EndGlobalSection
	GlobalSection(SolutionProperties) = preSolution
		HideSolutionNode = FALSE
	EndGlobalSection
	GlobalSection(ExtensibilityGlobals) = postSolution
		SolutionGuid = {D577C5F8-06E1-49CA-AB5E-86380A224897}
	EndGlobalSection
EndGlobal
