
Microsoft Visual Studio Solution File, Format Version 12.00
# Visual Studio Version 17
VisualStudioVersion = 17.6.33723.286
MinimumVisualStudioVersion = 10.0.40219.1
Project("{FAE04EC0-301F-11D3-BF4B-00C04F79EFBC}") = "HelloWorld", "HelloWorld.csproj", "{449C1F92-3364-4F13-8B7E-CB6B56495C18}"
EndProject
Global
	GlobalSection(SolutionConfigurationPlatforms) = preSolution
		Debug|Any CPU = Debug|Any CPU
		Release|Any CPU = Release|Any CPU
	EndGlobalSection
	GlobalSection(ProjectConfigurationPlatforms) = postSolution
		{449C1F92-3364-4F13-8B7E-CB6B56495C18}.Debug|Any CPU.ActiveCfg = Debug|Any CPU
		{449C1F92-3364-4F13-8B7E-CB6B56495C18}.Debug|Any CPU.Build.0 = Debug|Any CPU
		{449C1F92-3364-4F13-8B7E-CB6B56495C18}.Release|Any CPU.ActiveCfg = Release|Any CPU
		{449C1F92-3364-4F13-8B7E-CB6B56495C18}.Release|Any CPU.Build.0 = Release|Any CPU
	EndGlobalSection
	GlobalSection(SolutionProperties) = preSolution
		HideSolutionNode = FALSE
	EndGlobalSection
	GlobalSection(ExtensibilityGlobals) = postSolution
		SolutionGuid = {91D1592C-2C06-401E-822E-427FB6566B06}
	EndGlobalSection
EndGlobal
