
Microsoft Visual Studio Solution File, Format Version 12.00
# Visual Studio Version 17
VisualStudioVersion = 17.6.33723.286
MinimumVisualStudioVersion = 10.0.40219.1
Project("{FAE04EC0-301F-11D3-BF4B-00C04F79EFBC}") = "MailServicesConsole", "MailServicesConsole.csproj", "{CB486BFD-CC1D-44EB-A8F8-A5553C146064}"
EndProject
Project("{FAE04EC0-301F-11D3-BF4B-00C04F79EFBC}") = "LogServices", "..\LogServices\LogServices.csproj", "{C28633EB-6EF1-4301-B235-390AF48FBBC9}"
EndProject
Project("{FAE04EC0-301F-11D3-BF4B-00C04F79EFBC}") = "MailServices", "..\MailServices\MailServices.csproj", "{0E1EEDF6-1708-40CA-AC93-55A3985545CF}"
EndProject
Project("{FAE04EC0-301F-11D3-BF4B-00C04F79EFBC}") = "ConfigServices", "..\ConfigServices\ConfigServices.csproj", "{B963EDB8-C366-413C-8E6F-3E62721BC412}"
EndProject
Global
	GlobalSection(SolutionConfigurationPlatforms) = preSolution
		Debug|Any CPU = Debug|Any CPU
		Release|Any CPU = Release|Any CPU
	EndGlobalSection
	GlobalSection(ProjectConfigurationPlatforms) = postSolution
		{CB486BFD-CC1D-44EB-A8F8-A5553C146064}.Debug|Any CPU.ActiveCfg = Debug|Any CPU
		{CB486BFD-CC1D-44EB-A8F8-A5553C146064}.Debug|Any CPU.Build.0 = Debug|Any CPU
		{CB486BFD-CC1D-44EB-A8F8-A5553C146064}.Release|Any CPU.ActiveCfg = Release|Any CPU
		{CB486BFD-CC1D-44EB-A8F8-A5553C146064}.Release|Any CPU.Build.0 = Release|Any CPU
		{C28633EB-6EF1-4301-B235-390AF48FBBC9}.Debug|Any CPU.ActiveCfg = Debug|Any CPU
		{C28633EB-6EF1-4301-B235-390AF48FBBC9}.Debug|Any CPU.Build.0 = Debug|Any CPU
		{C28633EB-6EF1-4301-B235-390AF48FBBC9}.Release|Any CPU.ActiveCfg = Release|Any CPU
		{C28633EB-6EF1-4301-B235-390AF48FBBC9}.Release|Any CPU.Build.0 = Release|Any CPU
		{0E1EEDF6-1708-40CA-AC93-55A3985545CF}.Debug|Any CPU.ActiveCfg = Debug|Any CPU
		{0E1EEDF6-1708-40CA-AC93-55A3985545CF}.Debug|Any CPU.Build.0 = Debug|Any CPU
		{0E1EEDF6-1708-40CA-AC93-55A3985545CF}.Release|Any CPU.ActiveCfg = Release|Any CPU
		{0E1EEDF6-1708-40CA-AC93-55A3985545CF}.Release|Any CPU.Build.0 = Release|Any CPU
		{B963EDB8-C366-413C-8E6F-3E62721BC412}.Debug|Any CPU.ActiveCfg = Debug|Any CPU
		{B963EDB8-C366-413C-8E6F-3E62721BC412}.Debug|Any CPU.Build.0 = Debug|Any CPU
		{B963EDB8-C366-413C-8E6F-3E62721BC412}.Release|Any CPU.ActiveCfg = Release|Any CPU
		{B963EDB8-C366-413C-8E6F-3E62721BC412}.Release|Any CPU.Build.0 = Release|Any CPU
	EndGlobalSection
	GlobalSection(SolutionProperties) = preSolution
		HideSolutionNode = FALSE
	EndGlobalSection
	GlobalSection(ExtensibilityGlobals) = postSolution
		SolutionGuid = {84D13686-0C16-4D5C-B5D8-04E455B77DB8}
	EndGlobalSection
EndGlobal
