
Microsoft Visual Studio Solution File, Format Version 12.00
# Visual Studio Version 17
VisualStudioVersion = 17.6.33723.286
MinimumVisualStudioVersion = 10.0.40219.1
Project("{FAE04EC0-301F-11D3-BF4B-00C04F79EFBC}") = "EFCore1", "EFCore1.csproj", "{0560AFF9-4554-4ABD-83AC-C74F64440076}"
EndProject
Global
	GlobalSection(SolutionConfigurationPlatforms) = preSolution
		Debug|Any CPU = Debug|Any CPU
		Release|Any CPU = Release|Any CPU
	EndGlobalSection
	GlobalSection(ProjectConfigurationPlatforms) = postSolution
		{0560AFF9-4554-4ABD-83AC-C74F64440076}.Debug|Any CPU.ActiveCfg = Debug|Any CPU
		{0560AFF9-4554-4ABD-83AC-C74F64440076}.Debug|Any CPU.Build.0 = Debug|Any CPU
		{0560AFF9-4554-4ABD-83AC-C74F64440076}.Release|Any CPU.ActiveCfg = Release|Any CPU
		{0560AFF9-4554-4ABD-83AC-C74F64440076}.Release|Any CPU.Build.0 = Release|Any CPU
	EndGlobalSection
	GlobalSection(SolutionProperties) = preSolution
		HideSolutionNode = FALSE
	EndGlobalSection
	GlobalSection(ExtensibilityGlobals) = postSolution
		SolutionGuid = {BAE6FC8A-2875-4962-A6C2-44EC09E06AA1}
	EndGlobalSection
EndGlobal
